
Microsoft Visual Studio Solution File, Format Version 12.00
# Visual Studio Version 17
VisualStudioVersion = 17.2.32630.192
MinimumVisualStudioVersion = 10.0.40219.1
Project("{FAE04EC0-301F-11D3-BF4B-00C04F79EFBC}") = "teststatics", "teststatics.csproj", "{CE09A83F-DA66-4753-9CA2-1386B18B9E3D}"
EndProject
Global
	GlobalSection(SolutionConfigurationPlatforms) = preSolution
		Debug|Any CPU = Debug|Any CPU
		Release|Any CPU = Release|Any CPU
	EndGlobalSection
	GlobalSection(ProjectConfigurationPlatforms) = postSolution
		{CE09A83F-DA66-4753-9CA2-1386B18B9E3D}.Debug|Any CPU.ActiveCfg = Debug|Any CPU
		{CE09A83F-DA66-4753-9CA2-1386B18B9E3D}.Debug|Any CPU.Build.0 = Debug|Any CPU
		{CE09A83F-DA66-4753-9CA2-1386B18B9E3D}.Release|Any CPU.ActiveCfg = Release|Any CPU
		{CE09A83F-DA66-4753-9CA2-1386B18B9E3D}.Release|Any CPU.Build.0 = Release|Any CPU
	EndGlobalSection
	GlobalSection(SolutionProperties) = preSolution
		HideSolutionNode = FALSE
	EndGlobalSection
	GlobalSection(ExtensibilityGlobals) = postSolution
		SolutionGuid = {49A838F1-87C0-4EFA-A379-F995A619A6ED}
	EndGlobalSection
EndGlobal
